<?xml version="1.0" encoding="UTF-8" standalone="yes" ?>
<CodeBlocks_project_file>
	<FileVersion major="1" minor="6" />
	<Project>
		<Option title="middle_str" />
		<Option pch_mode="2" />
		<Option compiler="gcc" />
		<Build>
			<Target title="Debug">
				<Option output="bin/Debug/middle_str" prefix_auto="1" extension_auto="1" />
				<Option object_output="obj/Debug/" />
				<Option type="1" />
				<Option compiler="gcc" />
				<Compiler>
					<Add option="-g" />
				</Compiler>
			</Target>
			<Target title="Release">
				<Option output="bin/Release/middle_str" prefix_auto="1" extension_auto="1" />
				<Option object_output="obj/Release/" />
				<Option type="1" />
				<Option compiler="gcc" />
				<Compiler>
					<Add option="-O2" />
				</Compiler>
				<Linker>
					<Add option="-s" />
				</Linker>
			</Target>
		</Build>
		<Compiler>
			<Add option="-Wall" />
			<Add option="-fexceptions" />
		</Compiler>
		<Unit filename="addons.cpp" />
		<Unit filename="itc_Cezar.cpp" />
		<Unit filename="itc_DecToBin.cpp" />
		<Unit filename="itc_changeCase.cpp" />
		<Unit filename="itc_countWords.cpp" />
		<Unit filename="itc_decToBase.cpp" />
		<Unit filename="itc_isDigit.cpp" />
		<Unit filename="itc_isFirstInSecond.cpp" />
		<Unit filename="itc_isIp.cpp" />
		<Unit filename="itc_maxCharWord.cpp" />
		<Unit filename="itc_rmFreeSpace.cpp" />
		<Unit filename="itc_sameChar.cpp" />
		<Unit filename="itc_toUpper.cpp" />
		<Unit filename="itc_сompare.cpp" />
		<Unit filename="main.cpp" />
		<Unit filename="middle_str.h" />
		<Extensions>
			<lib_finder disable_auto="1" />
		</Extensions>
	</Project>
</CodeBlocks_project_file>
